
Microsoft Visual Studio Solution File, Format Version 12.00
# Visual Studio Version 16
VisualStudioVersion = 16.0.30128.74
MinimumVisualStudioVersion = 10.0.40219.1
Project("{9A19103F-16F7-4668-BE54-9A1E7A4F7556}") = "Elite.Data", "Elite.Data\Elite.Data.csproj", "{7BB776E9-5447-4736-BE51-FF42EBE2B562}"
EndProject
Project("{9A19103F-16F7-4668-BE54-9A1E7A4F7556}") = "Elit.Services", "Elit.Services\Elit.Services.csproj", "{4709E8AF-32D1-42AA-8867-4A5F734EDC3A}"
EndProject
Project("{9A19103F-16F7-4668-BE54-9A1E7A4F7556}") = "Elit.Model", "Elit.Model\Elit.Model.csproj", "{81BEF48B-CF38-4B72-86FF-55EB804DE422}"
EndProject
Project("{9A19103F-16F7-4668-BE54-9A1E7A4F7556}") = "Elit.Web", "Elit.Web\Elit.Web.csproj", "{268FC6D1-4BC1-42F1-939C-F922425CD402}"
EndProject
Project("{FAE04EC0-301F-11D3-BF4B-00C04F79EFBC}") = "Elit.API", "Elit.API\Elit.API.csproj", "{12AA178C-FCF8-48B4-8E10-C60BA35DD0DE}"
EndProject
Global
	GlobalSection(SolutionConfigurationPlatforms) = preSolution
		Debug|Any CPU = Debug|Any CPU
		Release|Any CPU = Release|Any CPU
	EndGlobalSection
	GlobalSection(ProjectConfigurationPlatforms) = postSolution
		{7BB776E9-5447-4736-BE51-FF42EBE2B562}.Debug|Any CPU.ActiveCfg = Debug|Any CPU
		{7BB776E9-5447-4736-BE51-FF42EBE2B562}.Debug|Any CPU.Build.0 = Debug|Any CPU
		{7BB776E9-5447-4736-BE51-FF42EBE2B562}.Release|Any CPU.ActiveCfg = Release|Any CPU
		{7BB776E9-5447-4736-BE51-FF42EBE2B562}.Release|Any CPU.Build.0 = Release|Any CPU
		{4709E8AF-32D1-42AA-8867-4A5F734EDC3A}.Debug|Any CPU.ActiveCfg = Debug|Any CPU
		{4709E8AF-32D1-42AA-8867-4A5F734EDC3A}.Debug|Any CPU.Build.0 = Debug|Any CPU
		{4709E8AF-32D1-42AA-8867-4A5F734EDC3A}.Release|Any CPU.ActiveCfg = Release|Any CPU
		{4709E8AF-32D1-42AA-8867-4A5F734EDC3A}.Release|Any CPU.Build.0 = Release|Any CPU
		{81BEF48B-CF38-4B72-86FF-55EB804DE422}.Debug|Any CPU.ActiveCfg = Debug|Any CPU
		{81BEF48B-CF38-4B72-86FF-55EB804DE422}.Debug|Any CPU.Build.0 = Debug|Any CPU
		{81BEF48B-CF38-4B72-86FF-55EB804DE422}.Release|Any CPU.ActiveCfg = Release|Any CPU
		{81BEF48B-CF38-4B72-86FF-55EB804DE422}.Release|Any CPU.Build.0 = Release|Any CPU
		{268FC6D1-4BC1-42F1-939C-F922425CD402}.Debug|Any CPU.ActiveCfg = Debug|Any CPU
		{268FC6D1-4BC1-42F1-939C-F922425CD402}.Debug|Any CPU.Build.0 = Debug|Any CPU
		{268FC6D1-4BC1-42F1-939C-F922425CD402}.Release|Any CPU.ActiveCfg = Release|Any CPU
		{268FC6D1-4BC1-42F1-939C-F922425CD402}.Release|Any CPU.Build.0 = Release|Any CPU
		{12AA178C-FCF8-48B4-8E10-C60BA35DD0DE}.Debug|Any CPU.ActiveCfg = Debug|Any CPU
		{12AA178C-FCF8-48B4-8E10-C60BA35DD0DE}.Debug|Any CPU.Build.0 = Debug|Any CPU
		{12AA178C-FCF8-48B4-8E10-C60BA35DD0DE}.Release|Any CPU.ActiveCfg = Release|Any CPU
		{12AA178C-FCF8-48B4-8E10-C60BA35DD0DE}.Release|Any CPU.Build.0 = Release|Any CPU
	EndGlobalSection
	GlobalSection(SolutionProperties) = preSolution
		HideSolutionNode = FALSE
	EndGlobalSection
	GlobalSection(ExtensibilityGlobals) = postSolution
		SolutionGuid = {7847FFC8-B70A-41B9-9C0A-A71FD65E1B5D}
	EndGlobalSection
EndGlobal
